// !$*UTF8*$!
{
	archiveVersion = 1;
	classes = {
	};
	objectVersion = 46;
	objects = {

/* Begin PBXBuildFile section */
		97BB387E1AA89A5C003179D1 /* main.m in Sources */ = {isa = PBXBuildFile; fileRef = 97BB387D1AA89A5C003179D1 /* main.m */; };
		97BB38811AA89A5C003179D1 /* AppDelegate.m in Sources */ = {isa = PBXBuildFile; fileRef = 97BB38801AA89A5C003179D1 /* AppDelegate.m */; };
		97BB38841AA89A5C003179D1 /* ViewController.m in Sources */ = {isa = PBXBuildFile; fileRef = 97BB38831AA89A5C003179D1 /* ViewController.m */; };
		97BB38871AA89A5C003179D1 /* Main.storyboard in Resources */ = {isa = PBXBuildFile; fileRef = 97BB38851AA89A5C003179D1 /* Main.storyboard */; };
		97BB38891AA89A5C003179D1 /* Images.xcassets in Resources */ = {isa = PBXBuildFile; fileRef = 97BB38881AA89A5C003179D1 /* Images.xcassets */; };
		97BB388C1AA89A5C003179D1 /* LaunchScreen.xib in Resources */ = {isa = PBXBuildFile; fileRef = 97BB388A1AA89A5C003179D1 /* LaunchScreen.xib */; };
		97BB38981AA89A5C003179D1 /* ExtensionsSampleTests.m in Sources */ = {isa = PBXBuildFile; fileRef = 97BB38971AA89A5C003179D1 /* ExtensionsSampleTests.m */; };
		97BB38BB1AA8AB43003179D1 /* NSArray+Ext.m in Sources */ = {isa = PBXBuildFile; fileRef = 97BB38AC1AA8AB43003179D1 /* NSArray+Ext.m */; };
		97BB38BC1AA8AB43003179D1 /* NSDate+Ext.m in Sources */ = {isa = PBXBuildFile; fileRef = 97BB38AE1AA8AB43003179D1 /* NSDate+Ext.m */; };
		97BB38BD1AA8AB43003179D1 /* NSDictionary+Ext.m in Sources */ = {isa = PBXBuildFile; fileRef = 97BB38B01AA8AB43003179D1 /* NSDictionary+Ext.m */; };
		97BB38BE1AA8AB43003179D1 /* NSNotificationCenter+Ext.m in Sources */ = {isa = PBXBuildFile; fileRef = 97BB38B21AA8AB43003179D1 /* NSNotificationCenter+Ext.m */; };
		97BB38BF1AA8AB43003179D1 /* NSObject+Ext.m in Sources */ = {isa = PBXBuildFile; fileRef = 97BB38B41AA8AB43003179D1 /* NSObject+Ext.m */; };
		97BB38C01AA8AB43003179D1 /* NSString+Ext.m in Sources */ = {isa = PBXBuildFile; fileRef = 97BB38B61AA8AB43003179D1 /* NSString+Ext.m */; };
		97BB38C11AA8AB43003179D1 /* UIColor+Ext.m in Sources */ = {isa = PBXBuildFile; fileRef = 97BB38B81AA8AB43003179D1 /* UIColor+Ext.m */; };
		97BB38C21AA8AB43003179D1 /* UIImage+Ext.m in Sources */ = {isa = PBXBuildFile; fileRef = 97BB38BA1AA8AB43003179D1 /* UIImage+Ext.m */; };
		97BB38DE1AADEE36003179D1 /* UIView+Ext.m in Sources */ = {isa = PBXBuildFile; fileRef = 97BB38DD1AADEE36003179D1 /* UIView+Ext.m */; };
/* End PBXBuildFile section */

/* Begin PBXContainerItemProxy section */
		97BB38921AA89A5C003179D1 /* PBXContainerItemProxy */ = {
			isa = PBXContainerItemProxy;
			containerPortal = 97BB38701AA89A5C003179D1 /* Project object */;
			proxyType = 1;
			remoteGlobalIDString = 97BB38771AA89A5C003179D1;
			remoteInfo = ExtensionsSample;
		};
/* End PBXContainerItemProxy section */

/* Begin PBXFileReference section */
		97BB38781AA89A5C003179D1 /* ExtensionsSample.app */ = {isa = PBXFileReference; explicitFileType = wrapper.application; includeInIndex = 0; path = ExtensionsSample.app; sourceTree = BUILT_PRODUCTS_DIR; };
		97BB387C1AA89A5C003179D1 /* Info.plist */ = {isa = PBXFileReference; lastKnownFileType = text.plist.xml; path = Info.plist; sourceTree = "<group>"; };
		97BB387D1AA89A5C003179D1 /* main.m */ = {isa = PBXFileReference; lastKnownFileType = sourcecode.c.objc; path = main.m; sourceTree = "<group>"; };
		97BB387F1AA89A5C003179D1 /* AppDelegate.h */ = {isa = PBXFileReference; lastKnownFileType = sourcecode.c.h; path = AppDelegate.h; sourceTree = "<group>"; };
		97BB38801AA89A5C003179D1 /* AppDelegate.m */ = {isa = PBXFileReference; lastKnownFileType = sourcecode.c.objc; path = AppDelegate.m; sourceTree = "<group>"; };
		97BB38821AA89A5C003179D1 /* ViewController.h */ = {isa = PBXFileReference; lastKnownFileType = sourcecode.c.h; path = ViewController.h; sourceTree = "<group>"; };
		97BB38831AA89A5C003179D1 /* ViewController.m */ = {isa = PBXFileReference; lastKnownFileType = sourcecode.c.objc; path = ViewController.m; sourceTree = "<group>"; };
		97BB38861AA89A5C003179D1 /* Base */ = {isa = PBXFileReference; lastKnownFileType = file.storyboard; name = Base; path = Base.lproj/Main.storyboard; sourceTree = "<group>"; };
		97BB38881AA89A5C003179D1 /* Images.xcassets */ = {isa = PBXFileReference; lastKnownFileType = folder.assetcatalog; path = Images.xcassets; sourceTree = "<group>"; };
		97BB388B1AA89A5C003179D1 /* Base */ = {isa = PBXFileReference; lastKnownFileType = file.xib; name = Base; path = Base.lproj/LaunchScreen.xib; sourceTree = "<group>"; };
		97BB38911AA89A5C003179D1 /* ExtensionsSampleTests.xctest */ = {isa = PBXFileReference; explicitFileType = wrapper.cfbundle; includeInIndex = 0; path = ExtensionsSampleTests.xctest; sourceTree = BUILT_PRODUCTS_DIR; };
		97BB38961AA89A5C003179D1 /* Info.plist */ = {isa = PBXFileReference; lastKnownFileType = text.plist.xml; path = Info.plist; sourceTree = "<group>"; };
		97BB38971AA89A5C003179D1 /* ExtensionsSampleTests.m */ = {isa = PBXFileReference; lastKnownFileType = sourcecode.c.objc; path = ExtensionsSampleTests.m; sourceTree = "<group>"; };
		97BB38AB1AA8AB43003179D1 /* NSArray+Ext.h */ = {isa = PBXFileReference; fileEncoding = 4; lastKnownFileType = sourcecode.c.h; path = "NSArray+Ext.h"; sourceTree = "<group>"; };
		97BB38AC1AA8AB43003179D1 /* NSArray+Ext.m */ = {isa = PBXFileReference; fileEncoding = 4; lastKnownFileType = sourcecode.c.objc; path = "NSArray+Ext.m"; sourceTree = "<group>"; };
		97BB38AD1AA8AB43003179D1 /* NSDate+Ext.h */ = {isa = PBXFileReference; fileEncoding = 4; lastKnownFileType = sourcecode.c.h; path = "NSDate+Ext.h"; sourceTree = "<group>"; };
		97BB38AE1AA8AB43003179D1 /* NSDate+Ext.m */ = {isa = PBXFileReference; fileEncoding = 4; lastKnownFileType = sourcecode.c.objc; path = "NSDate+Ext.m"; sourceTree = "<group>"; };
		97BB38AF1AA8AB43003179D1 /* NSDictionary+Ext.h */ = {isa = PBXFileReference; fileEncoding = 4; lastKnownFileType = sourcecode.c.h; path = "NSDictionary+Ext.h"; sourceTree = "<group>"; };
		97BB38B01AA8AB43003179D1 /* NSDictionary+Ext.m */ = {isa = PBXFileReference; fileEncoding = 4; lastKnownFileType = sourcecode.c.objc; path = "NSDictionary+Ext.m"; sourceTree = "<group>"; };
		97BB38B11AA8AB43003179D1 /* NSNotificationCenter+Ext.h */ = {isa = PBXFileReference; fileEncoding = 4; lastKnownFileType = sourcecode.c.h; path = "NSNotificationCenter+Ext.h"; sourceTree = "<group>"; };
		97BB38B21AA8AB43003179D1 /* NSNotificationCenter+Ext.m */ = {isa = PBXFileReference; fileEncoding = 4; lastKnownFileType = sourcecode.c.objc; path = "NSNotificationCenter+Ext.m"; sourceTree = "<group>"; };
		97BB38B31AA8AB43003179D1 /* NSObject+Ext.h */ = {isa = PBXFileReference; fileEncoding = 4; lastKnownFileType = sourcecode.c.h; path = "NSObject+Ext.h"; sourceTree = "<group>"; };
		97BB38B41AA8AB43003179D1 /* NSObject+Ext.m */ = {isa = PBXFileReference; fileEncoding = 4; lastKnownFileType = sourcecode.c.objc; path = "NSObject+Ext.m"; sourceTree = "<group>"; };
		97BB38B51AA8AB43003179D1 /* NSString+Ext.h */ = {isa = PBXFileReference; fileEncoding = 4; lastKnownFileType = sourcecode.c.h; path = "NSString+Ext.h"; sourceTree = "<group>"; };
		97BB38B61AA8AB43003179D1 /* NSString+Ext.m */ = {isa = PBXFileReference; fileEncoding = 4; lastKnownFileType = sourcecode.c.objc; path = "NSString+Ext.m"; sourceTree = "<group>"; };
		97BB38B71AA8AB43003179D1 /* UIColor+Ext.h */ = {isa = PBXFileReference; fileEncoding = 4; lastKnownFileType = sourcecode.c.h; path = "UIColor+Ext.h"; sourceTree = "<group>"; };
		97BB38B81AA8AB43003179D1 /* UIColor+Ext.m */ = {isa = PBXFileReference; fileEncoding = 4; lastKnownFileType = sourcecode.c.objc; path = "UIColor+Ext.m"; sourceTree = "<group>"; };
		97BB38B91AA8AB43003179D1 /* UIImage+Ext.h */ = {isa = PBXFileReference; fileEncoding = 4; lastKnownFileType = sourcecode.c.h; path = "UIImage+Ext.h"; sourceTree = "<group>"; };
		97BB38BA1AA8AB43003179D1 /* UIImage+Ext.m */ = {isa = PBXFileReference; fileEncoding = 4; lastKnownFileType = sourcecode.c.objc; path = "UIImage+Ext.m"; sourceTree = "<group>"; };
		97BB38DC1AADEE36003179D1 /* UIView+Ext.h */ = {isa = PBXFileReference; fileEncoding = 4; lastKnownFileType = sourcecode.c.h; path = "UIView+Ext.h"; sourceTree = "<group>"; };
		97BB38DD1AADEE36003179D1 /* UIView+Ext.m */ = {isa = PBXFileReference; fileEncoding = 4; lastKnownFileType = sourcecode.c.objc; path = "UIView+Ext.m"; sourceTree = "<group>"; };
/* End PBXFileReference section */

/* Begin PBXFrameworksBuildPhase section */
		97BB38751AA89A5C003179D1 /* Frameworks */ = {
			isa = PBXFrameworksBuildPhase;
			buildActionMask = 2147483647;
			files = (
			);
			runOnlyForDeploymentPostprocessing = 0;
		};
		97BB388E1AA89A5C003179D1 /* Frameworks */ = {
			isa = PBXFrameworksBuildPhase;
			buildActionMask = 2147483647;
			files = (
			);
			runOnlyForDeploymentPostprocessing = 0;
		};
/* End PBXFrameworksBuildPhase section */

/* Begin PBXGroup section */
		97BB386F1AA89A5C003179D1 = {
			isa = PBXGroup;
			children = (
				97BB38A11AA89B9C003179D1 /* ns-extensions */,
				97BB387A1AA89A5C003179D1 /* ExtensionsSample */,
				97BB38941AA89A5C003179D1 /* ExtensionsSampleTests */,
				97BB38791AA89A5C003179D1 /* Products */,
			);
			sourceTree = "<group>";
		};
		97BB38791AA89A5C003179D1 /* Products */ = {
			isa = PBXGroup;
			children = (
				97BB38781AA89A5C003179D1 /* ExtensionsSample.app */,
				97BB38911AA89A5C003179D1 /* ExtensionsSampleTests.xctest */,
			);
			name = Products;
			sourceTree = "<group>";
		};
		97BB387A1AA89A5C003179D1 /* ExtensionsSample */ = {
			isa = PBXGroup;
			children = (
				97BB387F1AA89A5C003179D1 /* AppDelegate.h */,
				97BB38801AA89A5C003179D1 /* AppDelegate.m */,
				97BB38821AA89A5C003179D1 /* ViewController.h */,
				97BB38831AA89A5C003179D1 /* ViewController.m */,
				97BB38851AA89A5C003179D1 /* Main.storyboard */,
				97BB38881AA89A5C003179D1 /* Images.xcassets */,
				97BB388A1AA89A5C003179D1 /* LaunchScreen.xib */,
				97BB387B1AA89A5C003179D1 /* Supporting Files */,
			);
			path = ExtensionsSample;
			sourceTree = "<group>";
		};
		97BB387B1AA89A5C003179D1 /* Supporting Files */ = {
			isa = PBXGroup;
			children = (
				97BB387C1AA89A5C003179D1 /* Info.plist */,
				97BB387D1AA89A5C003179D1 /* main.m */,
			);
			name = "Supporting Files";
			sourceTree = "<group>";
		};
		97BB38941AA89A5C003179D1 /* ExtensionsSampleTests */ = {
			isa = PBXGroup;
			children = (
				97BB38971AA89A5C003179D1 /* ExtensionsSampleTests.m */,
				97BB38951AA89A5C003179D1 /* Supporting Files */,
			);
			path = ExtensionsSampleTests;
			sourceTree = "<group>";
		};
		97BB38951AA89A5C003179D1 /* Supporting Files */ = {
			isa = PBXGroup;
			children = (
				97BB38961AA89A5C003179D1 /* Info.plist */,
			);
			name = "Supporting Files";
			sourceTree = "<group>";
		};
		97BB38A11AA89B9C003179D1 /* ns-extensions */ = {
			isa = PBXGroup;
			children = (
				97BB38AB1AA8AB43003179D1 /* NSArray+Ext.h */,
				97BB38AC1AA8AB43003179D1 /* NSArray+Ext.m */,
				97BB38AD1AA8AB43003179D1 /* NSDate+Ext.h */,
				97BB38AE1AA8AB43003179D1 /* NSDate+Ext.m */,
				97BB38AF1AA8AB43003179D1 /* NSDictionary+Ext.h */,
				97BB38B01AA8AB43003179D1 /* NSDictionary+Ext.m */,
				97BB38B11AA8AB43003179D1 /* NSNotificationCenter+Ext.h */,
				97BB38B21AA8AB43003179D1 /* NSNotificationCenter+Ext.m */,
				97BB38B31AA8AB43003179D1 /* NSObject+Ext.h */,
				97BB38B41AA8AB43003179D1 /* NSObject+Ext.m */,
				97BB38B51AA8AB43003179D1 /* NSString+Ext.h */,
				97BB38B61AA8AB43003179D1 /* NSString+Ext.m */,
				97BB38B71AA8AB43003179D1 /* UIColor+Ext.h */,
				97BB38B81AA8AB43003179D1 /* UIColor+Ext.m */,
				97BB38B91AA8AB43003179D1 /* UIImage+Ext.h */,
				97BB38BA1AA8AB43003179D1 /* UIImage+Ext.m */,
				97BB38DC1AADEE36003179D1 /* UIView+Ext.h */,
				97BB38DD1AADEE36003179D1 /* UIView+Ext.m */,
			);
			path = "ns-extensions";
			sourceTree = "<group>";
		};
/* End PBXGroup section */

/* Begin PBXNativeTarget section */
		97BB38771AA89A5C003179D1 /* ExtensionsSample */ = {
			isa = PBXNativeTarget;
			buildConfigurationList = 97BB389B1AA89A5C003179D1 /* Build configuration list for PBXNativeTarget "ExtensionsSample" */;
			buildPhases = (
				97BB38741AA89A5C003179D1 /* Sources */,
				97BB38751AA89A5C003179D1 /* Frameworks */,
				97BB38761AA89A5C003179D1 /* Resources */,
			);
			buildRules = (
			);
			dependencies = (
			);
			name = ExtensionsSample;
			productName = ExtensionsSample;
			productReference = 97BB38781AA89A5C003179D1 /* ExtensionsSample.app */;
			productType = "com.apple.product-type.application";
		};
		97BB38901AA89A5C003179D1 /* ExtensionsSampleTests */ = {
			isa = PBXNativeTarget;
			buildConfigurationList = 97BB389E1AA89A5C003179D1 /* Build configuration list for PBXNativeTarget "ExtensionsSampleTests" */;
			buildPhases = (
				97BB388D1AA89A5C003179D1 /* Sources */,
				97BB388E1AA89A5C003179D1 /* Frameworks */,
				97BB388F1AA89A5C003179D1 /* Resources */,
			);
			buildRules = (
			);
			dependencies = (
				97BB38931AA89A5C003179D1 /* PBXTargetDependency */,
			);
			name = ExtensionsSampleTests;
			productName = ExtensionsSampleTests;
			productReference = 97BB38911AA89A5C003179D1 /* ExtensionsSampleTests.xctest */;
			productType = "com.apple.product-type.bundle.unit-test";
		};
/* End PBXNativeTarget section */

/* Begin PBXProject section */
		97BB38701AA89A5C003179D1 /* Project object */ = {
			isa = PBXProject;
			attributes = {
				LastUpgradeCheck = 0610;
				ORGANIZATIONNAME = 100kas;
				TargetAttributes = {
					97BB38771AA89A5C003179D1 = {
						CreatedOnToolsVersion = 6.1.1;
					};
					97BB38901AA89A5C003179D1 = {
						CreatedOnToolsVersion = 6.1.1;
						TestTargetID = 97BB38771AA89A5C003179D1;
					};
				};
			};
			buildConfigurationList = 97BB38731AA89A5C003179D1 /* Build configuration list for PBXProject "ExtensionsSample" */;
			compatibilityVersion = "Xcode 3.2";
			developmentRegion = English;
			hasScannedForEncodings = 0;
			knownRegions = (
				en,
				Base,
			);
			mainGroup = 97BB386F1AA89A5C003179D1;
			productRefGroup = 97BB38791AA89A5C003179D1 /* Products */;
			projectDirPath = "";
			projectRoot = "";
			targets = (
				97BB38771AA89A5C003179D1 /* ExtensionsSample */,
				97BB38901AA89A5C003179D1 /* ExtensionsSampleTests */,
			);
		};
/* End PBXProject section */

/* Begin PBXResourcesBuildPhase section */
		97BB38761AA89A5C003179D1 /* Resources */ = {
			isa = PBXResourcesBuildPhase;
			buildActionMask = 2147483647;
			files = (
				97BB38871AA89A5C003179D1 /* Main.storyboard in Resources */,
				97BB388C1AA89A5C003179D1 /* LaunchScreen.xib in Resources */,
				97BB38891AA89A5C003179D1 /* Images.xcassets in Resources */,
			);
			runOnlyForDeploymentPostprocessing = 0;
		};
		97BB388F1AA89A5C003179D1 /* Resources */ = {
			isa = PBXResourcesBuildPhase;
			buildActionMask = 2147483647;
			files = (
			);
			runOnlyForDeploymentPostprocessing = 0;
		};
/* End PBXResourcesBuildPhase section */

/* Begin PBXSourcesBuildPhase section */
		97BB38741AA89A5C003179D1 /* Sources */ = {
			isa = PBXSourcesBuildPhase;
			buildActionMask = 2147483647;
			files = (
				97BB38BC1AA8AB43003179D1 /* NSDate+Ext.m in Sources */,
				97BB38C11AA8AB43003179D1 /* UIColor+Ext.m in Sources */,
				97BB38BE1AA8AB43003179D1 /* NSNotificationCenter+Ext.m in Sources */,
				97BB38BD1AA8AB43003179D1 /* NSDictionary+Ext.m in Sources */,
				97BB38841AA89A5C003179D1 /* ViewController.m in Sources */,
				97BB38BB1AA8AB43003179D1 /* NSArray+Ext.m in Sources */,
				97BB38C21AA8AB43003179D1 /* UIImage+Ext.m in Sources */,
				97BB38811AA89A5C003179D1 /* AppDelegate.m in Sources */,
				97BB38DE1AADEE36003179D1 /* UIView+Ext.m in Sources */,
				97BB38C01AA8AB43003179D1 /* NSString+Ext.m in Sources */,
				97BB387E1AA89A5C003179D1 /* main.m in Sources */,
				97BB38BF1AA8AB43003179D1 /* NSObject+Ext.m in Sources */,
			);
			runOnlyForDeploymentPostprocessing = 0;
		};
		97BB388D1AA89A5C003179D1 /* Sources */ = {
			isa = PBXSourcesBuildPhase;
			buildActionMask = 2147483647;
			files = (
				97BB38981AA89A5C003179D1 /* ExtensionsSampleTests.m in Sources */,
			);
			runOnlyForDeploymentPostprocessing = 0;
		};
/* End PBXSourcesBuildPhase section */

/* Begin PBXTargetDependency section */
		97BB38931AA89A5C003179D1 /* PBXTargetDependency */ = {
			isa = PBXTargetDependency;
			target = 97BB38771AA89A5C003179D1 /* ExtensionsSample */;
			targetProxy = 97BB38921AA89A5C003179D1 /* PBXContainerItemProxy */;
		};
/* End PBXTargetDependency section */

/* Begin PBXVariantGroup section */
		97BB38851AA89A5C003179D1 /* Main.storyboard */ = {
			isa = PBXVariantGroup;
			children = (
				97BB38861AA89A5C003179D1 /* Base */,
			);
			name = Main.storyboard;
			sourceTree = "<group>";
		};
		97BB388A1AA89A5C003179D1 /* LaunchScreen.xib */ = {
			isa = PBXVariantGroup;
			children = (
				97BB388B1AA89A5C003179D1 /* Base */,
			);
			name = LaunchScreen.xib;
			sourceTree = "<group>";
		};
/* End PBXVariantGroup section */

/* Begin XCBuildConfiguration section */
		97BB38991AA89A5C003179D1 /* Debug */ = {
			isa = XCBuildConfiguration;
			buildSettings = {
				ALWAYS_SEARCH_USER_PATHS = NO;
				CLANG_CXX_LANGUAGE_STANDARD = "gnu++0x";
				CLANG_CXX_LIBRARY = "libc++";
				CLANG_ENABLE_MODULES = YES;
				CLANG_ENABLE_OBJC_ARC = YES;
				CLANG_WARN_BOOL_CONVERSION = YES;
				CLANG_WARN_CONSTANT_CONVERSION = YES;
				CLANG_WARN_DIRECT_OBJC_ISA_USAGE = YES_ERROR;
				CLANG_WARN_EMPTY_BODY = YES;
				CLANG_WARN_ENUM_CONVERSION = YES;
				CLANG_WARN_INT_CONVERSION = YES;
				CLANG_WARN_OBJC_ROOT_CLASS = YES_ERROR;
				CLANG_WARN_UNREACHABLE_CODE = YES;
				CLANG_WARN__DUPLICATE_METHOD_MATCH = YES;
				"CODE_SIGN_IDENTITY[sdk=iphoneos*]" = "iPhone Developer";
				COPY_PHASE_STRIP = NO;
				ENABLE_STRICT_OBJC_MSGSEND = YES;
				GCC_C_LANGUAGE_STANDARD = gnu99;
				GCC_DYNAMIC_NO_PIC = NO;
				GCC_OPTIMIZATION_LEVEL = 0;
				GCC_PREPROCESSOR_DEFINITIONS = (
					"DEBUG=1",
					"$(inherited)",
				);
				GCC_SYMBOLS_PRIVATE_EXTERN = NO;
				GCC_WARN_64_TO_32_BIT_CONVERSION = YES;
				GCC_WARN_ABOUT_RETURN_TYPE = YES_ERROR;
				GCC_WARN_UNDECLARED_SELECTOR = YES;
				GCC_WARN_UNINITIALIZED_AUTOS = YES_AGGRESSIVE;
				GCC_WARN_UNUSED_FUNCTION = YES;
				GCC_WARN_UNUSED_VARIABLE = YES;
				IPHONEOS_DEPLOYMENT_TARGET = 8.1;
				MTL_ENABLE_DEBUG_INFO = YES;
				ONLY_ACTIVE_ARCH = YES;
				SDKROOT = iphoneos;
			};
			name = Debug;
		};
		97BB389A1AA89A5C003179D1 /* Release */ = {
			isa = XCBuildConfiguration;
			buildSettings = {
				ALWAYS_SEARCH_USER_PATHS = NO;
				CLANG_CXX_LANGUAGE_STANDARD = "gnu++0x";
				CLANG_CXX_LIBRARY = "libc++";
				CLANG_ENABLE_MODULES = YES;
				CLANG_ENABLE_OBJC_ARC = YES;
				CLANG_WARN_BOOL_CONVERSION = YES;
				CLANG_WARN_CONSTANT_CONVERSION = YES;
				CLANG_WARN_DIRECT_OBJC_ISA_USAGE = YES_ERROR;
				CLANG_WARN_EMPTY_BODY = YES;
				CLANG_WARN_ENUM_CONVERSION = YES;
				CLANG_WARN_INT_CONVERSION = YES;
				CLANG_WARN_OBJC_ROOT_CLASS = YES_ERROR;
				CLANG_WARN_UNREACHABLE_CODE = YES;
				CLANG_WARN__DUPLICATE_METHOD_MATCH = YES;
				"CODE_SIGN_IDENTITY[sdk=iphoneos*]" = "iPhone Developer";
				COPY_PHASE_STRIP = YES;
				ENABLE_NS_ASSERTIONS = NO;
				ENABLE_STRICT_OBJC_MSGSEND = YES;
				GCC_C_LANGUAGE_STANDARD = gnu99;
				GCC_WARN_64_TO_32_BIT_CONVERSION = YES;
				GCC_WARN_ABOUT_RETURN_TYPE = YES_ERROR;
				GCC_WARN_UNDECLARED_SELECTOR = YES;
				GCC_WARN_UNINITIALIZED_AUTOS = YES_AGGRESSIVE;
				GCC_WARN_UNUSED_FUNCTION = YES;
				GCC_WARN_UNUSED_VARIABLE = YES;
				IPHONEOS_DEPLOYMENT_TARGET = 8.1;
				MTL_ENABLE_DEBUG_INFO = NO;
				SDKROOT = iphoneos;
				VALIDATE_PRODUCT = YES;
			};
			name = Release;
		};
		97BB389C1AA89A5C003179D1 /* Debug */ = {
			isa = XCBuildConfiguration;
			buildSettings = {
				ASSETCATALOG_COMPILER_APPICON_NAME = AppIcon;
				INFOPLIST_FILE = ExtensionsSample/Info.plist;
				LD_RUNPATH_SEARCH_PATHS = "$(inherited) @executable_path/Frameworks";
				PRODUCT_NAME = "$(TARGET_NAME)";
			};
			name = Debug;
		};
		97BB389D1AA89A5C003179D1 /* Release */ = {
			isa = XCBuildConfiguration;
			buildSettings = {
				ASSETCATALOG_COMPILER_APPICON_NAME = AppIcon;
				INFOPLIST_FILE = ExtensionsSample/Info.plist;
				LD_RUNPATH_SEARCH_PATHS = "$(inherited) @executable_path/Frameworks";
				PRODUCT_NAME = "$(TARGET_NAME)";
			};
			name = Release;
		};
		97BB389F1AA89A5C003179D1 /* Debug */ = {
			isa = XCBuildConfiguration;
			buildSettings = {
				BUNDLE_LOADER = "$(TEST_HOST)";
				FRAMEWORK_SEARCH_PATHS = (
					"$(SDKROOT)/Developer/Library/Frameworks",
					"$(inherited)",
				);
				GCC_PREPROCESSOR_DEFINITIONS = (
					"DEBUG=1",
					"$(inherited)",
				);
				INFOPLIST_FILE = ExtensionsSampleTests/Info.plist;
				LD_RUNPATH_SEARCH_PATHS = "$(inherited) @executable_path/Frameworks @loader_path/Frameworks";
				PRODUCT_NAME = "$(TARGET_NAME)";
				TEST_HOST = "$(BUILT_PRODUCTS_DIR)/ExtensionsSample.app/ExtensionsSample";
			};
			name = Debug;
		};
		97BB38A01AA89A5C003179D1 /* Release */ = {
			isa = XCBuildConfiguration;
			buildSettings = {
				BUNDLE_LOADER = "$(TEST_HOST)";
				FRAMEWORK_SEARCH_PATHS = (
					"$(SDKROOT)/Developer/Library/Frameworks",
					"$(inherited)",
				);
				INFOPLIST_FILE = ExtensionsSampleTests/Info.plist;
				LD_RUNPATH_SEARCH_PATHS = "$(inherited) @executable_path/Frameworks @loader_path/Frameworks";
				PRODUCT_NAME = "$(TARGET_NAME)";
				TEST_HOST = "$(BUILT_PRODUCTS_DIR)/ExtensionsSample.app/ExtensionsSample";
			};
			name = Release;
		};
/* End XCBuildConfiguration section */

/* Begin XCConfigurationList section */
		97BB38731AA89A5C003179D1 /* Build configuration list for PBXProject "ExtensionsSample" */ = {
			isa = XCConfigurationList;
			buildConfigurations = (
				97BB38991AA89A5C003179D1 /* Debug */,
				97BB389A1AA89A5C003179D1 /* Release */,
			);
			defaultConfigurationIsVisible = 0;
			defaultConfigurationName = Release;
		};
		97BB389B1AA89A5C003179D1 /* Build configuration list for PBXNativeTarget "ExtensionsSample" */ = {
			isa = XCConfigurationList;
			buildConfigurations = (
				97BB389C1AA89A5C003179D1 /* Debug */,
				97BB389D1AA89A5C003179D1 /* Release */,
			);
			defaultConfigurationIsVisible = 0;
		};
		97BB389E1AA89A5C003179D1 /* Build configuration list for PBXNativeTarget "ExtensionsSampleTests" */ = {
			isa = XCConfigurationList;
			buildConfigurations = (
				97BB389F1AA89A5C003179D1 /* Debug */,
				97BB38A01AA89A5C003179D1 /* Release */,
			);
			defaultConfigurationIsVisible = 0;
		};
/* End XCConfigurationList section */
	};
	rootObject = 97BB38701AA89A5C003179D1 /* Project object */;
}
